
Microsoft Visual Studio Solution File, Format Version 12.00
# Visual Studio Version 17
VisualStudioVersion = 17.5.33516.290
MinimumVisualStudioVersion = 10.0.40219.1
Project("{FAE04EC0-301F-11D3-BF4B-00C04F79EFBC}") = "BiblioWpf", "BiblioWpf.csproj", "{13C3E73D-C539-430B-AA36-CBB2CBB434D0}"
	ProjectSection(ProjectDependencies) = postProject
		{8444F79F-93FC-4CDC-A025-9F1CBD919531} = {8444F79F-93FC-4CDC-A025-9F1CBD919531}
	EndProjectSection
EndProject
Project("{FAE04EC0-301F-11D3-BF4B-00C04F79EFBC}") = "BData", "..\BData\BData.csproj", "{8444F79F-93FC-4CDC-A025-9F1CBD919531}"
EndProject
Global
	GlobalSection(SolutionConfigurationPlatforms) = preSolution
		Debug|Any CPU = Debug|Any CPU
		Release|Any CPU = Release|Any CPU
	EndGlobalSection
	GlobalSection(ProjectConfigurationPlatforms) = postSolution
		{13C3E73D-C539-430B-AA36-CBB2CBB434D0}.Debug|Any CPU.ActiveCfg = Debug|Any CPU
		{13C3E73D-C539-430B-AA36-CBB2CBB434D0}.Debug|Any CPU.Build.0 = Debug|Any CPU
		{13C3E73D-C539-430B-AA36-CBB2CBB434D0}.Release|Any CPU.ActiveCfg = Release|Any CPU
		{13C3E73D-C539-430B-AA36-CBB2CBB434D0}.Release|Any CPU.Build.0 = Release|Any CPU
		{8444F79F-93FC-4CDC-A025-9F1CBD919531}.Debug|Any CPU.ActiveCfg = Debug|Any CPU
		{8444F79F-93FC-4CDC-A025-9F1CBD919531}.Debug|Any CPU.Build.0 = Debug|Any CPU
		{8444F79F-93FC-4CDC-A025-9F1CBD919531}.Release|Any CPU.ActiveCfg = Release|Any CPU
		{8444F79F-93FC-4CDC-A025-9F1CBD919531}.Release|Any CPU.Build.0 = Release|Any CPU
	EndGlobalSection
	GlobalSection(SolutionProperties) = preSolution
		HideSolutionNode = FALSE
	EndGlobalSection
	GlobalSection(ExtensibilityGlobals) = postSolution
		SolutionGuid = {E05D94CA-EACE-4702-A48A-04580D7232D5}
	EndGlobalSection
EndGlobal
